
Microsoft Visual Studio Solution File, Format Version 12.00
# Visual Studio 2013
VisualStudioVersion = 12.0.31101.0
MinimumVisualStudioVersion = 10.0.40219.1
Project("{D954291E-2A0B-460D-934E-DC6B0785DB48}") = "WatsonLanguageTranslation", "WatsonLanguageTranslation\WatsonLanguageTranslation\WatsonLanguageTranslation.shproj", "{72982B06-0554-4B73-91B7-DF031C2EF8E7}"
EndProject
Project("{FAE04EC0-301F-11D3-BF4B-00C04F79EFBC}") = "WatsonLanguageTranslation.WinPhone", "WatsonLanguageTranslation\WatsonLanguageTranslation.WinPhone\WatsonLanguageTranslation.WinPhone.csproj", "{D78ED1E8-66CB-4C11-B70A-40A184C3FB6C}"
EndProject
Project("{FAE04EC0-301F-11D3-BF4B-00C04F79EFBC}") = "WatsonLanguageTranslation.iOS", "WatsonLanguageTranslation\WatsonLanguageTranslation.iOS\WatsonLanguageTranslation.iOS.csproj", "{C832CA7E-E3CD-4E8C-8932-D68AF9FC235B}"
EndProject
Project("{FAE04EC0-301F-11D3-BF4B-00C04F79EFBC}") = "WatsonLanguageTranslation.Droid", "WatsonLanguageTranslation\WatsonLanguageTranslation.Droid\WatsonLanguageTranslation.Droid.csproj", "{F12A9E78-4F21-4005-94F9-4ED029614555}"
EndProject
Global
	GlobalSection(SharedMSBuildProjectFiles) = preSolution
		WatsonLanguageTranslation\WatsonLanguageTranslation\WatsonLanguageTranslation.projitems*{72982b06-0554-4b73-91b7-df031c2ef8e7}*SharedItemsImports = 13
		WatsonLanguageTranslation\WatsonLanguageTranslation\WatsonLanguageTranslation.projitems*{f12a9e78-4f21-4005-94f9-4ed029614555}*SharedItemsImports = 4
		WatsonLanguageTranslation\WatsonLanguageTranslation\WatsonLanguageTranslation.projitems*{d78ed1e8-66cb-4c11-b70a-40a184c3fb6c}*SharedItemsImports = 4
		WatsonLanguageTranslation\WatsonLanguageTranslation\WatsonLanguageTranslation.projitems*{c832ca7e-e3cd-4e8c-8932-d68af9fc235b}*SharedItemsImports = 4
	EndGlobalSection
	GlobalSection(SolutionConfigurationPlatforms) = preSolution
		Ad-Hoc|Any CPU = Ad-Hoc|Any CPU
		Ad-Hoc|ARM = Ad-Hoc|ARM
		Ad-Hoc|iPhone = Ad-Hoc|iPhone
		Ad-Hoc|iPhoneSimulator = Ad-Hoc|iPhoneSimulator
		Ad-Hoc|Mixed Platforms = Ad-Hoc|Mixed Platforms
		Ad-Hoc|x86 = Ad-Hoc|x86
		AppStore|Any CPU = AppStore|Any CPU
		AppStore|ARM = AppStore|ARM
		AppStore|iPhone = AppStore|iPhone
		AppStore|iPhoneSimulator = AppStore|iPhoneSimulator
		AppStore|Mixed Platforms = AppStore|Mixed Platforms
		AppStore|x86 = AppStore|x86
		Debug|Any CPU = Debug|Any CPU
		Debug|ARM = Debug|ARM
		Debug|iPhone = Debug|iPhone
		Debug|iPhoneSimulator = Debug|iPhoneSimulator
		Debug|Mixed Platforms = Debug|Mixed Platforms
		Debug|x86 = Debug|x86
		Release|Any CPU = Release|Any CPU
		Release|ARM = Release|ARM
		Release|iPhone = Release|iPhone
		Release|iPhoneSimulator = Release|iPhoneSimulator
		Release|Mixed Platforms = Release|Mixed Platforms
		Release|x86 = Release|x86
	EndGlobalSection
	GlobalSection(ProjectConfigurationPlatforms) = postSolution
		{D78ED1E8-66CB-4C11-B70A-40A184C3FB6C}.Ad-Hoc|Any CPU.ActiveCfg = Release|Any CPU
		{D78ED1E8-66CB-4C11-B70A-40A184C3FB6C}.Ad-Hoc|Any CPU.Build.0 = Release|Any CPU
		{D78ED1E8-66CB-4C11-B70A-40A184C3FB6C}.Ad-Hoc|Any CPU.Deploy.0 = Release|Any CPU
		{D78ED1E8-66CB-4C11-B70A-40A184C3FB6C}.Ad-Hoc|ARM.ActiveCfg = Release|ARM
		{D78ED1E8-66CB-4C11-B70A-40A184C3FB6C}.Ad-Hoc|ARM.Build.0 = Release|ARM
		{D78ED1E8-66CB-4C11-B70A-40A184C3FB6C}.Ad-Hoc|ARM.Deploy.0 = Release|ARM
		{D78ED1E8-66CB-4C11-B70A-40A184C3FB6C}.Ad-Hoc|iPhone.ActiveCfg = Release|Any CPU
		{D78ED1E8-66CB-4C11-B70A-40A184C3FB6C}.Ad-Hoc|iPhoneSimulator.ActiveCfg = Release|Any CPU
		{D78ED1E8-66CB-4C11-B70A-40A184C3FB6C}.Ad-Hoc|Mixed Platforms.ActiveCfg = Release|x86
		{D78ED1E8-66CB-4C11-B70A-40A184C3FB6C}.Ad-Hoc|Mixed Platforms.Build.0 = Release|x86
		{D78ED1E8-66CB-4C11-B70A-40A184C3FB6C}.Ad-Hoc|Mixed Platforms.Deploy.0 = Release|x86
		{D78ED1E8-66CB-4C11-B70A-40A184C3FB6C}.Ad-Hoc|x86.ActiveCfg = Release|x86
		{D78ED1E8-66CB-4C11-B70A-40A184C3FB6C}.Ad-Hoc|x86.Build.0 = Release|x86
		{D78ED1E8-66CB-4C11-B70A-40A184C3FB6C}.Ad-Hoc|x86.Deploy.0 = Release|x86
		{D78ED1E8-66CB-4C11-B70A-40A184C3FB6C}.AppStore|Any CPU.ActiveCfg = Release|Any CPU
		{D78ED1E8-66CB-4C11-B70A-40A184C3FB6C}.AppStore|Any CPU.Build.0 = Release|Any CPU
		{D78ED1E8-66CB-4C11-B70A-40A184C3FB6C}.AppStore|Any CPU.Deploy.0 = Release|Any CPU
		{D78ED1E8-66CB-4C11-B70A-40A184C3FB6C}.AppStore|ARM.ActiveCfg = Release|ARM
		{D78ED1E8-66CB-4C11-B70A-40A184C3FB6C}.AppStore|ARM.Build.0 = Release|ARM
		{D78ED1E8-66CB-4C11-B70A-40A184C3FB6C}.AppStore|ARM.Deploy.0 = Release|ARM
		{D78ED1E8-66CB-4C11-B70A-40A184C3FB6C}.AppStore|iPhone.ActiveCfg = Release|Any CPU
		{D78ED1E8-66CB-4C11-B70A-40A184C3FB6C}.AppStore|iPhoneSimulator.ActiveCfg = Release|Any CPU
		{D78ED1E8-66CB-4C11-B70A-40A184C3FB6C}.AppStore|Mixed Platforms.ActiveCfg = Release|x86
		{D78ED1E8-66CB-4C11-B70A-40A184C3FB6C}.AppStore|Mixed Platforms.Build.0 = Release|x86
		{D78ED1E8-66CB-4C11-B70A-40A184C3FB6C}.AppStore|Mixed Platforms.Deploy.0 = Release|x86
		{D78ED1E8-66CB-4C11-B70A-40A184C3FB6C}.AppStore|x86.ActiveCfg = Release|x86
		{D78ED1E8-66CB-4C11-B70A-40A184C3FB6C}.AppStore|x86.Build.0 = Release|x86
		{D78ED1E8-66CB-4C11-B70A-40A184C3FB6C}.AppStore|x86.Deploy.0 = Release|x86
		{D78ED1E8-66CB-4C11-B70A-40A184C3FB6C}.Debug|Any CPU.ActiveCfg = Debug|Any CPU
		{D78ED1E8-66CB-4C11-B70A-40A184C3FB6C}.Debug|Any CPU.Build.0 = Debug|Any CPU
		{D78ED1E8-66CB-4C11-B70A-40A184C3FB6C}.Debug|Any CPU.Deploy.0 = Debug|Any CPU
		{D78ED1E8-66CB-4C11-B70A-40A184C3FB6C}.Debug|ARM.ActiveCfg = Debug|ARM
		{D78ED1E8-66CB-4C11-B70A-40A184C3FB6C}.Debug|ARM.Build.0 = Debug|ARM
		{D78ED1E8-66CB-4C11-B70A-40A184C3FB6C}.Debug|ARM.Deploy.0 = Debug|ARM
		{D78ED1E8-66CB-4C11-B70A-40A184C3FB6C}.Debug|iPhone.ActiveCfg = Debug|Any CPU
		{D78ED1E8-66CB-4C11-B70A-40A184C3FB6C}.Debug|iPhoneSimulator.ActiveCfg = Debug|Any CPU
		{D78ED1E8-66CB-4C11-B70A-40A184C3FB6C}.Debug|Mixed Platforms.ActiveCfg = Debug|x86
		{D78ED1E8-66CB-4C11-B70A-40A184C3FB6C}.Debug|Mixed Platforms.Build.0 = Debug|x86
		{D78ED1E8-66CB-4C11-B70A-40A184C3FB6C}.Debug|Mixed Platforms.Deploy.0 = Debug|x86
		{D78ED1E8-66CB-4C11-B70A-40A184C3FB6C}.Debug|x86.ActiveCfg = Debug|x86
		{D78ED1E8-66CB-4C11-B70A-40A184C3FB6C}.Debug|x86.Build.0 = Debug|x86
		{D78ED1E8-66CB-4C11-B70A-40A184C3FB6C}.Debug|x86.Deploy.0 = Debug|x86
		{D78ED1E8-66CB-4C11-B70A-40A184C3FB6C}.Release|Any CPU.ActiveCfg = Release|Any CPU
		{D78ED1E8-66CB-4C11-B70A-40A184C3FB6C}.Release|Any CPU.Build.0 = Release|Any CPU
		{D78ED1E8-66CB-4C11-B70A-40A184C3FB6C}.Release|Any CPU.Deploy.0 = Release|Any CPU
		{D78ED1E8-66CB-4C11-B70A-40A184C3FB6C}.Release|ARM.ActiveCfg = Release|ARM
		{D78ED1E8-66CB-4C11-B70A-40A184C3FB6C}.Release|ARM.Build.0 = Release|ARM
		{D78ED1E8-66CB-4C11-B70A-40A184C3FB6C}.Release|ARM.Deploy.0 = Release|ARM
		{D78ED1E8-66CB-4C11-B70A-40A184C3FB6C}.Release|iPhone.ActiveCfg = Release|Any CPU
		{D78ED1E8-66CB-4C11-B70A-40A184C3FB6C}.Release|iPhoneSimulator.ActiveCfg = Release|Any CPU
		{D78ED1E8-66CB-4C11-B70A-40A184C3FB6C}.Release|Mixed Platforms.ActiveCfg = Release|x86
		{D78ED1E8-66CB-4C11-B70A-40A184C3FB6C}.Release|Mixed Platforms.Build.0 = Release|x86
		{D78ED1E8-66CB-4C11-B70A-40A184C3FB6C}.Release|Mixed Platforms.Deploy.0 = Release|x86
		{D78ED1E8-66CB-4C11-B70A-40A184C3FB6C}.Release|x86.ActiveCfg = Release|x86
		{D78ED1E8-66CB-4C11-B70A-40A184C3FB6C}.Release|x86.Build.0 = Release|x86
		{D78ED1E8-66CB-4C11-B70A-40A184C3FB6C}.Release|x86.Deploy.0 = Release|x86
		{C832CA7E-E3CD-4E8C-8932-D68AF9FC235B}.Ad-Hoc|Any CPU.ActiveCfg = Ad-Hoc|iPhone
		{C832CA7E-E3CD-4E8C-8932-D68AF9FC235B}.Ad-Hoc|ARM.ActiveCfg = Ad-Hoc|iPhone
		{C832CA7E-E3CD-4E8C-8932-D68AF9FC235B}.Ad-Hoc|iPhone.ActiveCfg = Ad-Hoc|iPhone
		{C832CA7E-E3CD-4E8C-8932-D68AF9FC235B}.Ad-Hoc|iPhone.Build.0 = Ad-Hoc|iPhone
		{C832CA7E-E3CD-4E8C-8932-D68AF9FC235B}.Ad-Hoc|iPhoneSimulator.ActiveCfg = Ad-Hoc|iPhoneSimulator
		{C832CA7E-E3CD-4E8C-8932-D68AF9FC235B}.Ad-Hoc|iPhoneSimulator.Build.0 = Ad-Hoc|iPhoneSimulator
		{C832CA7E-E3CD-4E8C-8932-D68AF9FC235B}.Ad-Hoc|Mixed Platforms.ActiveCfg = Ad-Hoc|iPhone
		{C832CA7E-E3CD-4E8C-8932-D68AF9FC235B}.Ad-Hoc|Mixed Platforms.Build.0 = Ad-Hoc|iPhone
		{C832CA7E-E3CD-4E8C-8932-D68AF9FC235B}.Ad-Hoc|x86.ActiveCfg = Ad-Hoc|iPhone
		{C832CA7E-E3CD-4E8C-8932-D68AF9FC235B}.AppStore|Any CPU.ActiveCfg = AppStore|iPhone
		{C832CA7E-E3CD-4E8C-8932-D68AF9FC235B}.AppStore|ARM.ActiveCfg = AppStore|iPhone
		{C832CA7E-E3CD-4E8C-8932-D68AF9FC235B}.AppStore|iPhone.ActiveCfg = AppStore|iPhone
		{C832CA7E-E3CD-4E8C-8932-D68AF9FC235B}.AppStore|iPhone.Build.0 = AppStore|iPhone
		{C832CA7E-E3CD-4E8C-8932-D68AF9FC235B}.AppStore|iPhoneSimulator.ActiveCfg = AppStore|iPhoneSimulator
		{C832CA7E-E3CD-4E8C-8932-D68AF9FC235B}.AppStore|iPhoneSimulator.Build.0 = AppStore|iPhoneSimulator
		{C832CA7E-E3CD-4E8C-8932-D68AF9FC235B}.AppStore|Mixed Platforms.ActiveCfg = AppStore|iPhone
		{C832CA7E-E3CD-4E8C-8932-D68AF9FC235B}.AppStore|Mixed Platforms.Build.0 = AppStore|iPhone
		{C832CA7E-E3CD-4E8C-8932-D68AF9FC235B}.AppStore|x86.ActiveCfg = AppStore|iPhone
		{C832CA7E-E3CD-4E8C-8932-D68AF9FC235B}.Debug|Any CPU.ActiveCfg = Debug|iPhone
		{C832CA7E-E3CD-4E8C-8932-D68AF9FC235B}.Debug|ARM.ActiveCfg = Debug|iPhone
		{C832CA7E-E3CD-4E8C-8932-D68AF9FC235B}.Debug|iPhone.ActiveCfg = Debug|iPhone
		{C832CA7E-E3CD-4E8C-8932-D68AF9FC235B}.Debug|iPhone.Build.0 = Debug|iPhone
		{C832CA7E-E3CD-4E8C-8932-D68AF9FC235B}.Debug|iPhoneSimulator.ActiveCfg = Debug|iPhoneSimulator
		{C832CA7E-E3CD-4E8C-8932-D68AF9FC235B}.Debug|iPhoneSimulator.Build.0 = Debug|iPhoneSimulator
		{C832CA7E-E3CD-4E8C-8932-D68AF9FC235B}.Debug|Mixed Platforms.ActiveCfg = Debug|iPhone
		{C832CA7E-E3CD-4E8C-8932-D68AF9FC235B}.Debug|Mixed Platforms.Build.0 = Debug|iPhone
		{C832CA7E-E3CD-4E8C-8932-D68AF9FC235B}.Debug|x86.ActiveCfg = Debug|iPhone
		{C832CA7E-E3CD-4E8C-8932-D68AF9FC235B}.Release|Any CPU.ActiveCfg = Release|iPhone
		{C832CA7E-E3CD-4E8C-8932-D68AF9FC235B}.Release|ARM.ActiveCfg = Release|iPhone
		{C832CA7E-E3CD-4E8C-8932-D68AF9FC235B}.Release|iPhone.ActiveCfg = Release|iPhone
		{C832CA7E-E3CD-4E8C-8932-D68AF9FC235B}.Release|iPhone.Build.0 = Release|iPhone
		{C832CA7E-E3CD-4E8C-8932-D68AF9FC235B}.Release|iPhoneSimulator.ActiveCfg = Release|iPhoneSimulator
		{C832CA7E-E3CD-4E8C-8932-D68AF9FC235B}.Release|iPhoneSimulator.Build.0 = Release|iPhoneSimulator
		{C832CA7E-E3CD-4E8C-8932-D68AF9FC235B}.Release|Mixed Platforms.ActiveCfg = Release|iPhone
		{C832CA7E-E3CD-4E8C-8932-D68AF9FC235B}.Release|Mixed Platforms.Build.0 = Release|iPhone
		{C832CA7E-E3CD-4E8C-8932-D68AF9FC235B}.Release|x86.ActiveCfg = Release|iPhone
		{F12A9E78-4F21-4005-94F9-4ED029614555}.Ad-Hoc|Any CPU.ActiveCfg = Release|Any CPU
		{F12A9E78-4F21-4005-94F9-4ED029614555}.Ad-Hoc|Any CPU.Build.0 = Release|Any CPU
		{F12A9E78-4F21-4005-94F9-4ED029614555}.Ad-Hoc|Any CPU.Deploy.0 = Release|Any CPU
		{F12A9E78-4F21-4005-94F9-4ED029614555}.Ad-Hoc|ARM.ActiveCfg = Release|Any CPU
		{F12A9E78-4F21-4005-94F9-4ED029614555}.Ad-Hoc|iPhone.ActiveCfg = Release|Any CPU
		{F12A9E78-4F21-4005-94F9-4ED029614555}.Ad-Hoc|iPhoneSimulator.ActiveCfg = Release|Any CPU
		{F12A9E78-4F21-4005-94F9-4ED029614555}.Ad-Hoc|Mixed Platforms.ActiveCfg = Release|Any CPU
		{F12A9E78-4F21-4005-94F9-4ED029614555}.Ad-Hoc|Mixed Platforms.Build.0 = Release|Any CPU
		{F12A9E78-4F21-4005-94F9-4ED029614555}.Ad-Hoc|Mixed Platforms.Deploy.0 = Release|Any CPU
		{F12A9E78-4F21-4005-94F9-4ED029614555}.Ad-Hoc|x86.ActiveCfg = Release|Any CPU
		{F12A9E78-4F21-4005-94F9-4ED029614555}.AppStore|Any CPU.ActiveCfg = Release|Any CPU
		{F12A9E78-4F21-4005-94F9-4ED029614555}.AppStore|Any CPU.Build.0 = Release|Any CPU
		{F12A9E78-4F21-4005-94F9-4ED029614555}.AppStore|Any CPU.Deploy.0 = Release|Any CPU
		{F12A9E78-4F21-4005-94F9-4ED029614555}.AppStore|ARM.ActiveCfg = Release|Any CPU
		{F12A9E78-4F21-4005-94F9-4ED029614555}.AppStore|iPhone.ActiveCfg = Release|Any CPU
		{F12A9E78-4F21-4005-94F9-4ED029614555}.AppStore|iPhoneSimulator.ActiveCfg = Release|Any CPU
		{F12A9E78-4F21-4005-94F9-4ED029614555}.AppStore|Mixed Platforms.ActiveCfg = Release|Any CPU
		{F12A9E78-4F21-4005-94F9-4ED029614555}.AppStore|Mixed Platforms.Build.0 = Release|Any CPU
		{F12A9E78-4F21-4005-94F9-4ED029614555}.AppStore|Mixed Platforms.Deploy.0 = Release|Any CPU
		{F12A9E78-4F21-4005-94F9-4ED029614555}.AppStore|x86.ActiveCfg = Release|Any CPU
		{F12A9E78-4F21-4005-94F9-4ED029614555}.Debug|Any CPU.ActiveCfg = Debug|Any CPU
		{F12A9E78-4F21-4005-94F9-4ED029614555}.Debug|Any CPU.Build.0 = Debug|Any CPU
		{F12A9E78-4F21-4005-94F9-4ED029614555}.Debug|Any CPU.Deploy.0 = Debug|Any CPU
		{F12A9E78-4F21-4005-94F9-4ED029614555}.Debug|ARM.ActiveCfg = Debug|Any CPU
		{F12A9E78-4F21-4005-94F9-4ED029614555}.Debug|iPhone.ActiveCfg = Debug|Any CPU
		{F12A9E78-4F21-4005-94F9-4ED029614555}.Debug|iPhoneSimulator.ActiveCfg = Debug|Any CPU
		{F12A9E78-4F21-4005-94F9-4ED029614555}.Debug|Mixed Platforms.ActiveCfg = Debug|Any CPU
		{F12A9E78-4F21-4005-94F9-4ED029614555}.Debug|Mixed Platforms.Build.0 = Debug|Any CPU
		{F12A9E78-4F21-4005-94F9-4ED029614555}.Debug|Mixed Platforms.Deploy.0 = Debug|Any CPU
		{F12A9E78-4F21-4005-94F9-4ED029614555}.Debug|x86.ActiveCfg = Debug|Any CPU
		{F12A9E78-4F21-4005-94F9-4ED029614555}.Release|Any CPU.ActiveCfg = Release|Any CPU
		{F12A9E78-4F21-4005-94F9-4ED029614555}.Release|Any CPU.Build.0 = Release|Any CPU
		{F12A9E78-4F21-4005-94F9-4ED029614555}.Release|Any CPU.Deploy.0 = Release|Any CPU
		{F12A9E78-4F21-4005-94F9-4ED029614555}.Release|ARM.ActiveCfg = Release|Any CPU
		{F12A9E78-4F21-4005-94F9-4ED029614555}.Release|iPhone.ActiveCfg = Release|Any CPU
		{F12A9E78-4F21-4005-94F9-4ED029614555}.Release|iPhoneSimulator.ActiveCfg = Release|Any CPU
		{F12A9E78-4F21-4005-94F9-4ED029614555}.Release|Mixed Platforms.ActiveCfg = Release|Any CPU
		{F12A9E78-4F21-4005-94F9-4ED029614555}.Release|Mixed Platforms.Build.0 = Release|Any CPU
		{F12A9E78-4F21-4005-94F9-4ED029614555}.Release|Mixed Platforms.Deploy.0 = Release|Any CPU
		{F12A9E78-4F21-4005-94F9-4ED029614555}.Release|x86.ActiveCfg = Release|Any CPU
	EndGlobalSection
	GlobalSection(SolutionProperties) = preSolution
		HideSolutionNode = FALSE
	EndGlobalSection
EndGlobal
